
Microsoft Visual Studio Solution File, Format Version 12.00
# Visual Studio Version 16
VisualStudioVersion = 16.0.30406.217
MinimumVisualStudioVersion = 10.0.40219.1
Project("{FAE04EC0-301F-11D3-BF4B-00C04F79EFBC}") = "NetOfficeExtension", "src\NetOfficeExtension\NetOfficeExtension.csproj", "{5302AD2D-880D-416E-8346-C6690D5DA1C2}"
EndProject
Project("{2150E333-8FDC-42A3-9474-1A3956D46DE8}") = "templates", "templates", "{A3E94C43-AB19-4608-B022-DBFE291CA7F8}"
EndProject
Project("{FAE04EC0-301F-11D3-BF4B-00C04F79EFBC}") = "WordAddinTemplate", "src\WordAddinTemplate\WordAddinTemplate.csproj", "{3056EEF5-559E-45CD-8ACA-97783DF1F77C}"
EndProject
Project("{FAE04EC0-301F-11D3-BF4B-00C04F79EFBC}") = "ExcelAddinTemplate", "src\ExcelAddinTemplate\ExcelAddinTemplate.csproj", "{34565D3F-F74F-42F2-AE85-EA3741E459A7}"
EndProject
Project("{FAE04EC0-301F-11D3-BF4B-00C04F79EFBC}") = "OutlookAddinTemplate", "src\OutlookAddinTemplate\OutlookAddinTemplate.csproj", "{3B670D98-615E-4B24-8EE4-0D322C4BE842}"
EndProject
Project("{FAE04EC0-301F-11D3-BF4B-00C04F79EFBC}") = "PowerPointAddinTemplate", "src\PowerPointAddinTemplate\PowerPointAddinTemplate.csproj", "{436F422C-63D1-4CE7-815A-DD3484D8B31A}"
EndProject
Global
	GlobalSection(SolutionConfigurationPlatforms) = preSolution
		Debug|Any CPU = Debug|Any CPU
		Release|Any CPU = Release|Any CPU
	EndGlobalSection
	GlobalSection(ProjectConfigurationPlatforms) = postSolution
		{5302AD2D-880D-416E-8346-C6690D5DA1C2}.Debug|Any CPU.ActiveCfg = Debug|Any CPU
		{5302AD2D-880D-416E-8346-C6690D5DA1C2}.Debug|Any CPU.Build.0 = Debug|Any CPU
		{5302AD2D-880D-416E-8346-C6690D5DA1C2}.Release|Any CPU.ActiveCfg = Release|Any CPU
		{5302AD2D-880D-416E-8346-C6690D5DA1C2}.Release|Any CPU.Build.0 = Release|Any CPU
		{3056EEF5-559E-45CD-8ACA-97783DF1F77C}.Debug|Any CPU.ActiveCfg = Debug|Any CPU
		{3056EEF5-559E-45CD-8ACA-97783DF1F77C}.Debug|Any CPU.Build.0 = Debug|Any CPU
		{3056EEF5-559E-45CD-8ACA-97783DF1F77C}.Release|Any CPU.ActiveCfg = Release|Any CPU
		{3056EEF5-559E-45CD-8ACA-97783DF1F77C}.Release|Any CPU.Build.0 = Release|Any CPU
		{34565D3F-F74F-42F2-AE85-EA3741E459A7}.Debug|Any CPU.ActiveCfg = Debug|Any CPU
		{34565D3F-F74F-42F2-AE85-EA3741E459A7}.Debug|Any CPU.Build.0 = Debug|Any CPU
		{34565D3F-F74F-42F2-AE85-EA3741E459A7}.Release|Any CPU.ActiveCfg = Release|Any CPU
		{34565D3F-F74F-42F2-AE85-EA3741E459A7}.Release|Any CPU.Build.0 = Release|Any CPU
		{3B670D98-615E-4B24-8EE4-0D322C4BE842}.Debug|Any CPU.ActiveCfg = Debug|Any CPU
		{3B670D98-615E-4B24-8EE4-0D322C4BE842}.Debug|Any CPU.Build.0 = Debug|Any CPU
		{3B670D98-615E-4B24-8EE4-0D322C4BE842}.Release|Any CPU.ActiveCfg = Release|Any CPU
		{3B670D98-615E-4B24-8EE4-0D322C4BE842}.Release|Any CPU.Build.0 = Release|Any CPU
		{436F422C-63D1-4CE7-815A-DD3484D8B31A}.Debug|Any CPU.ActiveCfg = Debug|Any CPU
		{436F422C-63D1-4CE7-815A-DD3484D8B31A}.Debug|Any CPU.Build.0 = Debug|Any CPU
		{436F422C-63D1-4CE7-815A-DD3484D8B31A}.Release|Any CPU.ActiveCfg = Release|Any CPU
		{436F422C-63D1-4CE7-815A-DD3484D8B31A}.Release|Any CPU.Build.0 = Release|Any CPU
	EndGlobalSection
	GlobalSection(SolutionProperties) = preSolution
		HideSolutionNode = FALSE
	EndGlobalSection
	GlobalSection(NestedProjects) = preSolution
		{3056EEF5-559E-45CD-8ACA-97783DF1F77C} = {A3E94C43-AB19-4608-B022-DBFE291CA7F8}
		{34565D3F-F74F-42F2-AE85-EA3741E459A7} = {A3E94C43-AB19-4608-B022-DBFE291CA7F8}
		{3B670D98-615E-4B24-8EE4-0D322C4BE842} = {A3E94C43-AB19-4608-B022-DBFE291CA7F8}
		{436F422C-63D1-4CE7-815A-DD3484D8B31A} = {A3E94C43-AB19-4608-B022-DBFE291CA7F8}
	EndGlobalSection
	GlobalSection(ExtensibilityGlobals) = postSolution
		SolutionGuid = {305905D5-D48A-4665-856C-7183FCC44AFB}
	EndGlobalSection
EndGlobal
